
Microsoft Visual Studio Solution File, Format Version 12.00
# Visual Studio 15
VisualStudioVersion = 15.0.28307.779
MinimumVisualStudioVersion = 10.0.40219.1
Project("{FAE04EC0-301F-11D3-BF4B-00C04F79EFBC}") = "Prototype", "Prototype.csproj", "{A44D6ED7-EC54-43EF-B289-36530401BE54}"
EndProject
Global
	GlobalSection(SolutionConfigurationPlatforms) = preSolution
		Debug|Any CPU = Debug|Any CPU
		Release|Any CPU = Release|Any CPU
	EndGlobalSection
	GlobalSection(ProjectConfigurationPlatforms) = postSolution
		{A44D6ED7-EC54-43EF-B289-36530401BE54}.Debug|Any CPU.ActiveCfg = Debug|Any CPU
		{A44D6ED7-EC54-43EF-B289-36530401BE54}.Debug|Any CPU.Build.0 = Debug|Any CPU
		{A44D6ED7-EC54-43EF-B289-36530401BE54}.Release|Any CPU.ActiveCfg = Release|Any CPU
		{A44D6ED7-EC54-43EF-B289-36530401BE54}.Release|Any CPU.Build.0 = Release|Any CPU
	EndGlobalSection
	GlobalSection(SolutionProperties) = preSolution
		HideSolutionNode = FALSE
	EndGlobalSection
	GlobalSection(ExtensibilityGlobals) = postSolution
		SolutionGuid = {60277877-D14B-4AE0-A696-A72CBE19596D}
	EndGlobalSection
EndGlobal
